
Microsoft Visual Studio Solution File, Format Version 12.00
# Visual Studio Version 16
VisualStudioVersion = 16.0.30907.101
MinimumVisualStudioVersion = 10.0.40219.1
Project("{888888A0-9F3D-457C-B088-3A5042F75D52}") = "tkinter app", "tkinter app\tkinter app.pyproj", "{DEA18C4F-9620-4544-8153-3B269180A4A8}"
EndProject
Global
	GlobalSection(SolutionConfigurationPlatforms) = preSolution
		Debug|Any CPU = Debug|Any CPU
		Release|Any CPU = Release|Any CPU
	EndGlobalSection
	GlobalSection(ProjectConfigurationPlatforms) = postSolution
		{DEA18C4F-9620-4544-8153-3B269180A4A8}.Debug|Any CPU.ActiveCfg = Debug|Any CPU
		{DEA18C4F-9620-4544-8153-3B269180A4A8}.Release|Any CPU.ActiveCfg = Release|Any CPU
	EndGlobalSection
	GlobalSection(SolutionProperties) = preSolution
		HideSolutionNode = FALSE
	EndGlobalSection
	GlobalSection(ExtensibilityGlobals) = postSolution
		SolutionGuid = {766E3C63-F436-4E86-A9BE-0D556AAEF544}
	EndGlobalSection
EndGlobal
